// !$*UTF8*$!
{
	archiveVersion = 1;
	classes = {
	};
	objectVersion = 77;
	objects = {

/* Begin PBXBuildFile section */
		1570691E51C0FEDB44BE30D4 /* ProgressTracker.swift in Sources */ = {isa = PBXBuildFile; fileRef = 12B50D79EF4CA5BA76DAA0E7 /* ProgressTracker.swift */; };
		230B2F3A7D9F15B3E7DC8EF4 /* Assets.xcassets in Resources */ = {isa = PBXBuildFile; fileRef = C502EB699D0A3EDAA2CCAD4E /* Assets.xcassets */; };
		2EA737F9E6E27426D894F8A6 /* PersistenceActor.swift in Sources */ = {isa = PBXBuildFile; fileRef = 9C3F150BCE2A2A5B4CD04F76 /* PersistenceActor.swift */; };
		41B3862F2B5F86B28132C8DC /* ProgressState.swift in Sources */ = {isa = PBXBuildFile; fileRef = 94B67DD0785097CDED93F754 /* ProgressState.swift */; };
		42B2B6E0843A256EA9F33B2A /* WordBook.swift in Sources */ = {isa = PBXBuildFile; fileRef = A4C810C65791104543F3F51E /* WordBook.swift */; };
		5A3306FE84727D462D12B53D /* ImportPreviewView.swift in Sources */ = {isa = PBXBuildFile; fileRef = 6FED550987EC351AE504831F /* ImportPreviewView.swift */; };
		86A4F99CAB32B79DAC59C721 /* WordCardView.swift in Sources */ = {isa = PBXBuildFile; fileRef = 62CDE06EFD787215270DD8A6 /* WordCardView.swift */; };
		950F3A9B5D6B75DE46C4D7B1 /* HomeView.swift in Sources */ = {isa = PBXBuildFile; fileRef = D981104EA8E4BE1D67DC12FD /* HomeView.swift */; };
		A4E88E509473C7C23522C01C /* AboutView.swift in Sources */ = {isa = PBXBuildFile; fileRef = AC0EC3A7C3468B59DBB5DCA7 /* AboutView.swift */; };
		AAE14CDA234769D88095EDD7 /* SwipeView.swift in Sources */ = {isa = PBXBuildFile; fileRef = 48DFF8A476BCDC3D867718EF /* SwipeView.swift */; };
		AC15296668F32E3B11CBE293 /* Word.swift in Sources */ = {isa = PBXBuildFile; fileRef = 35DF86CDE94D54E30EBF8583 /* Word.swift */; };
		B10E7FC6409406D5C1D20D04 /* SettingsView.swift in Sources */ = {isa = PBXBuildFile; fileRef = DA1A276A41970CC2ADA7BAB0 /* SettingsView.swift */; };
		B18817624C011D6EC4BE73DC /* WordImporter.swift in Sources */ = {isa = PBXBuildFile; fileRef = 5467C2E8469A2BDCE363C088 /* WordImporter.swift */; };
		B7A13323DEE1FE7A9BAC9970 /* MakotoKotobagakiApp.swift in Sources */ = {isa = PBXBuildFile; fileRef = B3125532D5556F4BF31A3D7F /* MakotoKotobagakiApp.swift */; };
		C0FAE1910D9CFBD7D73B89B8 /* DesignTokens.swift in Sources */ = {isa = PBXBuildFile; fileRef = 6BECA8683DAE9153FEDF6793 /* DesignTokens.swift */; };
/* End PBXBuildFile section */

/* Begin PBXFileReference section */
		12B50D79EF4CA5BA76DAA0E7 /* ProgressTracker.swift */ = {isa = PBXFileReference; lastKnownFileType = sourcecode.swift; path = ProgressTracker.swift; sourceTree = "<group>"; };
		35DF86CDE94D54E30EBF8583 /* Word.swift */ = {isa = PBXFileReference; lastKnownFileType = sourcecode.swift; path = Word.swift; sourceTree = "<group>"; };
		3ECB912002079CA27AD145ED /* Makoto_JiSho.app */ = {isa = PBXFileReference; explicitFileType = wrapper.application; includeInIndex = 0; path = Makoto_JiSho.app; sourceTree = BUILT_PRODUCTS_DIR; };
		48DFF8A476BCDC3D867718EF /* SwipeView.swift */ = {isa = PBXFileReference; lastKnownFileType = sourcecode.swift; path = SwipeView.swift; sourceTree = "<group>"; };
		5467C2E8469A2BDCE363C088 /* WordImporter.swift */ = {isa = PBXFileReference; lastKnownFileType = sourcecode.swift; path = WordImporter.swift; sourceTree = "<group>"; };
		62CDE06EFD787215270DD8A6 /* WordCardView.swift */ = {isa = PBXFileReference; lastKnownFileType = sourcecode.swift; path = WordCardView.swift; sourceTree = "<group>"; };
		6674B0F8A95F89B22FC4894B /* Info.plist */ = {isa = PBXFileReference; lastKnownFileType = text.plist; path = Info.plist; sourceTree = "<group>"; };
		6BECA8683DAE9153FEDF6793 /* DesignTokens.swift */ = {isa = PBXFileReference; lastKnownFileType = sourcecode.swift; path = DesignTokens.swift; sourceTree = "<group>"; };
		6FED550987EC351AE504831F /* ImportPreviewView.swift */ = {isa = PBXFileReference; lastKnownFileType = sourcecode.swift; path = ImportPreviewView.swift; sourceTree = "<group>"; };
		94B67DD0785097CDED93F754 /* ProgressState.swift */ = {isa = PBXFileReference; lastKnownFileType = sourcecode.swift; path = ProgressState.swift; sourceTree = "<group>"; };
		9C3F150BCE2A2A5B4CD04F76 /* PersistenceActor.swift */ = {isa = PBXFileReference; lastKnownFileType = sourcecode.swift; path = PersistenceActor.swift; sourceTree = "<group>"; };
		A4C810C65791104543F3F51E /* WordBook.swift */ = {isa = PBXFileReference; lastKnownFileType = sourcecode.swift; path = WordBook.swift; sourceTree = "<group>"; };
		AC0EC3A7C3468B59DBB5DCA7 /* AboutView.swift */ = {isa = PBXFileReference; lastKnownFileType = sourcecode.swift; path = AboutView.swift; sourceTree = "<group>"; };
		B3125532D5556F4BF31A3D7F /* MakotoKotobagakiApp.swift */ = {isa = PBXFileReference; lastKnownFileType = sourcecode.swift; path = MakotoKotobagakiApp.swift; sourceTree = "<group>"; };
		C502EB699D0A3EDAA2CCAD4E /* Assets.xcassets */ = {isa = PBXFileReference; lastKnownFileType = folder.assetcatalog; path = Assets.xcassets; sourceTree = "<group>"; };
		D981104EA8E4BE1D67DC12FD /* HomeView.swift */ = {isa = PBXFileReference; lastKnownFileType = sourcecode.swift; path = HomeView.swift; sourceTree = "<group>"; };
		DA1A276A41970CC2ADA7BAB0 /* SettingsView.swift */ = {isa = PBXFileReference; lastKnownFileType = sourcecode.swift; path = SettingsView.swift; sourceTree = "<group>"; };
/* End PBXFileReference section */

/* Begin PBXGroup section */
		50C50EDD2ECFE89ADEF852D9 = {
			isa = PBXGroup;
			children = (
				83FDAD7C265B9285A6BB52CF /* Sources */,
				5865F9156ECEB3A458D86D36 /* Products */,
			);
			sourceTree = "<group>";
		};
		5733D70289BD54B7F35BDA8C /* Services */ = {
			isa = PBXGroup;
			children = (
				9C3F150BCE2A2A5B4CD04F76 /* PersistenceActor.swift */,
				12B50D79EF4CA5BA76DAA0E7 /* ProgressTracker.swift */,
				5467C2E8469A2BDCE363C088 /* WordImporter.swift */,
			);
			path = Services;
			sourceTree = "<group>";
		};
		5865F9156ECEB3A458D86D36 /* Products */ = {
			isa = PBXGroup;
			children = (
				3ECB912002079CA27AD145ED /* Makoto_JiSho.app */,
			);
			name = Products;
			sourceTree = "<group>";
		};
		72F4C427AE7E0F5548134149 /* Utilities */ = {
			isa = PBXGroup;
			children = (
				6BECA8683DAE9153FEDF6793 /* DesignTokens.swift */,
			);
			path = Utilities;
			sourceTree = "<group>";
		};
		7C2372E8ED2F59707F128A1D /* Swipe */ = {
			isa = PBXGroup;
			children = (
				48DFF8A476BCDC3D867718EF /* SwipeView.swift */,
				62CDE06EFD787215270DD8A6 /* WordCardView.swift */,
			);
			path = Swipe;
			sourceTree = "<group>";
		};
		83FDAD7C265B9285A6BB52CF /* Sources */ = {
			isa = PBXGroup;
			children = (
				C502EB699D0A3EDAA2CCAD4E /* Assets.xcassets */,
				6674B0F8A95F89B22FC4894B /* Info.plist */,
				B3125532D5556F4BF31A3D7F /* MakotoKotobagakiApp.swift */,
				9A25A0EA32CC394D4A685AD2 /* Models */,
				5733D70289BD54B7F35BDA8C /* Services */,
				72F4C427AE7E0F5548134149 /* Utilities */,
				F89E9B57C0D0BBDA0905B26D /* Views */,
			);
			path = Sources;
			sourceTree = "<group>";
		};
		9A25A0EA32CC394D4A685AD2 /* Models */ = {
			isa = PBXGroup;
			children = (
				94B67DD0785097CDED93F754 /* ProgressState.swift */,
				35DF86CDE94D54E30EBF8583 /* Word.swift */,
				A4C810C65791104543F3F51E /* WordBook.swift */,
			);
			path = Models;
			sourceTree = "<group>";
		};
		CC6F9764A07DCF9F44BE9196 /* Settings */ = {
			isa = PBXGroup;
			children = (
				AC0EC3A7C3468B59DBB5DCA7 /* AboutView.swift */,
				6FED550987EC351AE504831F /* ImportPreviewView.swift */,
				DA1A276A41970CC2ADA7BAB0 /* SettingsView.swift */,
			);
			path = Settings;
			sourceTree = "<group>";
		};
		F0F95FAE647A159583E22955 /* Home */ = {
			isa = PBXGroup;
			children = (
				D981104EA8E4BE1D67DC12FD /* HomeView.swift */,
			);
			path = Home;
			sourceTree = "<group>";
		};
		F89E9B57C0D0BBDA0905B26D /* Views */ = {
			isa = PBXGroup;
			children = (
				F0F95FAE647A159583E22955 /* Home */,
				CC6F9764A07DCF9F44BE9196 /* Settings */,
				7C2372E8ED2F59707F128A1D /* Swipe */,
			);
			path = Views;
			sourceTree = "<group>";
		};
/* End PBXGroup section */

/* Begin PBXNativeTarget section */
		1B9FBCF5F713B9AC507CFCE3 /* Makoto_JiSho */ = {
			isa = PBXNativeTarget;
			buildConfigurationList = 4A5540A6500124BA9E7573E4 /* Build configuration list for PBXNativeTarget "Makoto_JiSho" */;
			buildPhases = (
				8A014727A86B0AD76863F3F8 /* Sources */,
				2CB6F0C9D93427DBFA8B5AAC /* Resources */,
			);
			buildRules = (
			);
			dependencies = (
			);
			name = Makoto_JiSho;
			packageProductDependencies = (
			);
			productName = Makoto_JiSho;
			productReference = 3ECB912002079CA27AD145ED /* Makoto_JiSho.app */;
			productType = "com.apple.product-type.application";
		};
/* End PBXNativeTarget section */

/* Begin PBXProject section */
		A1E877BAE29FAEACB8C4922D /* Project object */ = {
			isa = PBXProject;
			attributes = {
				BuildIndependentTargetsInParallel = YES;
				LastUpgradeCheck = 1600;
				TargetAttributes = {
					1B9FBCF5F713B9AC507CFCE3 = {
						ProvisioningStyle = Automatic;
					};
				};
			};
			buildConfigurationList = 31697BD676605881C8D9516D /* Build configuration list for PBXProject "Makoto_JiSho" */;
			developmentRegion = en;
			hasScannedForEncodings = 0;
			knownRegions = (
				Base,
				en,
			);
			mainGroup = 50C50EDD2ECFE89ADEF852D9;
			minimizedProjectReferenceProxies = 1;
			preferredProjectObjectVersion = 77;
			productRefGroup = 5865F9156ECEB3A458D86D36 /* Products */;
			projectDirPath = "";
			projectRoot = "";
			targets = (
				1B9FBCF5F713B9AC507CFCE3 /* Makoto_JiSho */,
			);
		};
/* End PBXProject section */

/* Begin PBXResourcesBuildPhase section */
		2CB6F0C9D93427DBFA8B5AAC /* Resources */ = {
			isa = PBXResourcesBuildPhase;
			buildActionMask = 2147483647;
			files = (
				230B2F3A7D9F15B3E7DC8EF4 /* Assets.xcassets in Resources */,
			);
			runOnlyForDeploymentPostprocessing = 0;
		};
/* End PBXResourcesBuildPhase section */

/* Begin PBXSourcesBuildPhase section */
		8A014727A86B0AD76863F3F8 /* Sources */ = {
			isa = PBXSourcesBuildPhase;
			buildActionMask = 2147483647;
			files = (
				A4E88E509473C7C23522C01C /* AboutView.swift in Sources */,
				C0FAE1910D9CFBD7D73B89B8 /* DesignTokens.swift in Sources */,
				950F3A9B5D6B75DE46C4D7B1 /* HomeView.swift in Sources */,
				5A3306FE84727D462D12B53D /* ImportPreviewView.swift in Sources */,
				B7A13323DEE1FE7A9BAC9970 /* MakotoKotobagakiApp.swift in Sources */,
				2EA737F9E6E27426D894F8A6 /* PersistenceActor.swift in Sources */,
				41B3862F2B5F86B28132C8DC /* ProgressState.swift in Sources */,
				1570691E51C0FEDB44BE30D4 /* ProgressTracker.swift in Sources */,
				B10E7FC6409406D5C1D20D04 /* SettingsView.swift in Sources */,
				AAE14CDA234769D88095EDD7 /* SwipeView.swift in Sources */,
				AC15296668F32E3B11CBE293 /* Word.swift in Sources */,
				42B2B6E0843A256EA9F33B2A /* WordBook.swift in Sources */,
				86A4F99CAB32B79DAC59C721 /* WordCardView.swift in Sources */,
				B18817624C011D6EC4BE73DC /* WordImporter.swift in Sources */,
			);
			runOnlyForDeploymentPostprocessing = 0;
		};
/* End PBXSourcesBuildPhase section */

/* Begin XCBuildConfiguration section */
		3A8DFB27FF0FACC86DCDF61B /* Debug */ = {
			isa = XCBuildConfiguration;
			buildSettings = {
				ALWAYS_SEARCH_USER_PATHS = NO;
				CLANG_ANALYZER_NONNULL = YES;
				CLANG_ANALYZER_NUMBER_OBJECT_CONVERSION = YES_AGGRESSIVE;
				CLANG_CXX_LANGUAGE_STANDARD = "gnu++14";
				CLANG_CXX_LIBRARY = "libc++";
				CLANG_ENABLE_MODULES = YES;
				CLANG_ENABLE_OBJC_ARC = YES;
				CLANG_ENABLE_OBJC_WEAK = YES;
				CLANG_WARN_BLOCK_CAPTURE_AUTORELEASING = YES;
				CLANG_WARN_BOOL_CONVERSION = YES;
				CLANG_WARN_COMMA = YES;
				CLANG_WARN_CONSTANT_CONVERSION = YES;
				CLANG_WARN_DEPRECATED_OBJC_IMPLEMENTATIONS = YES;
				CLANG_WARN_DIRECT_OBJC_ISA_USAGE = YES_ERROR;
				CLANG_WARN_DOCUMENTATION_COMMENTS = YES;
				CLANG_WARN_EMPTY_BODY = YES;
				CLANG_WARN_ENUM_CONVERSION = YES;
				CLANG_WARN_INFINITE_RECURSION = YES;
				CLANG_WARN_INT_CONVERSION = YES;
				CLANG_WARN_NON_LITERAL_NULL_CONVERSION = YES;
				CLANG_WARN_OBJC_IMPLICIT_RETAIN_SELF = YES;
				CLANG_WARN_OBJC_LITERAL_CONVERSION = YES;
				CLANG_WARN_OBJC_ROOT_CLASS = YES_ERROR;
				CLANG_WARN_QUOTED_INCLUDE_IN_FRAMEWORK_HEADER = YES;
				CLANG_WARN_RANGE_LOOP_ANALYSIS = YES;
				CLANG_WARN_STRICT_PROTOTYPES = YES;
				CLANG_WARN_SUSPICIOUS_MOVE = YES;
				CLANG_WARN_UNGUARDED_AVAILABILITY = YES_AGGRESSIVE;
				CLANG_WARN_UNREACHABLE_CODE = YES;
				CLANG_WARN__DUPLICATE_METHOD_MATCH = YES;
				COPY_PHASE_STRIP = NO;
				DEBUG_INFORMATION_FORMAT = dwarf;
				ENABLE_STRICT_OBJC_MSGSEND = YES;
				ENABLE_TESTABILITY = YES;
				GCC_C_LANGUAGE_STANDARD = gnu11;
				GCC_DYNAMIC_NO_PIC = NO;
				GCC_NO_COMMON_BLOCKS = YES;
				GCC_OPTIMIZATION_LEVEL = 0;
				GCC_PREPROCESSOR_DEFINITIONS = (
					"$(inherited)",
					"DEBUG=1",
				);
				GCC_WARN_64_TO_32_BIT_CONVERSION = YES;
				GCC_WARN_ABOUT_RETURN_TYPE = YES_ERROR;
				GCC_WARN_UNDECLARED_SELECTOR = YES;
				GCC_WARN_UNINITIALIZED_AUTOS = YES_AGGRESSIVE;
				GCC_WARN_UNUSED_FUNCTION = YES;
				GCC_WARN_UNUSED_VARIABLE = YES;
				IPHONEOS_DEPLOYMENT_TARGET = 18.0;
				MTL_ENABLE_DEBUG_INFO = INCLUDE_SOURCE;
				MTL_FAST_MATH = YES;
				ONLY_ACTIVE_ARCH = YES;
				PRODUCT_NAME = "$(TARGET_NAME)";
				SDKROOT = iphoneos;
				SWIFT_ACTIVE_COMPILATION_CONDITIONS = DEBUG;
				SWIFT_OPTIMIZATION_LEVEL = "-Onone";
				SWIFT_VERSION = 6.0;
			};
			name = Debug;
		};
		89CD8B5C500C40073698C667 /* Debug */ = {
			isa = XCBuildConfiguration;
			buildSettings = {
				ASSETCATALOG_COMPILER_APPICON_NAME = AppIcon;
				CODE_SIGN_IDENTITY = "iPhone Developer";
				CODE_SIGN_STYLE = Automatic;
				CURRENT_PROJECT_VERSION = 1;
				DEVELOPMENT_TEAM = HDDN84K629;
				GENERATE_INFOPLIST_FILE = YES;
				INFOPLIST_FILE = Sources/Info.plist;
				IPHONEOS_DEPLOYMENT_TARGET = 18.0;
				LD_RUNPATH_SEARCH_PATHS = (
					"$(inherited)",
					"@executable_path/Frameworks",
				);
				MARKETING_VERSION = 1.0;
				PRODUCT_BUNDLE_IDENTIFIER = "com.makotomaruki.makoto-kotobagaki";
				PRODUCT_NAME = Makoto_JiSho;
				SDKROOT = iphoneos;
				SUPPORTED_PLATFORMS = iphoneos;
				TARGETED_DEVICE_FAMILY = 1;
				UIRequiresFullScreen = YES;
				UISupportedInterfaceOrientations = UIInterfaceOrientationPortrait;
				UIUserInterfaceStyle = Dark;
			};
			name = Debug;
		};
		B14CEEC77B15596C7D1122E8 /* Release */ = {
			isa = XCBuildConfiguration;
			buildSettings = {
				ASSETCATALOG_COMPILER_APPICON_NAME = AppIcon;
				CODE_SIGN_IDENTITY = "iPhone Developer";
				CODE_SIGN_STYLE = Automatic;
				CURRENT_PROJECT_VERSION = 1;
				DEVELOPMENT_TEAM = HDDN84K629;
				GENERATE_INFOPLIST_FILE = YES;
				INFOPLIST_FILE = Sources/Info.plist;
				IPHONEOS_DEPLOYMENT_TARGET = 18.0;
				LD_RUNPATH_SEARCH_PATHS = (
					"$(inherited)",
					"@executable_path/Frameworks",
				);
				MARKETING_VERSION = 1.0;
				PRODUCT_BUNDLE_IDENTIFIER = "com.makotomaruki.makoto-kotobagaki";
				PRODUCT_NAME = Makoto_JiSho;
				SDKROOT = iphoneos;
				SUPPORTED_PLATFORMS = iphoneos;
				TARGETED_DEVICE_FAMILY = 1;
				UIRequiresFullScreen = YES;
				UISupportedInterfaceOrientations = UIInterfaceOrientationPortrait;
				UIUserInterfaceStyle = Dark;
			};
			name = Release;
		};
		FD07BE420670ECB29569EFCA /* Release */ = {
			isa = XCBuildConfiguration;
			buildSettings = {
				ALWAYS_SEARCH_USER_PATHS = NO;
				CLANG_ANALYZER_NONNULL = YES;
				CLANG_ANALYZER_NUMBER_OBJECT_CONVERSION = YES_AGGRESSIVE;
				CLANG_CXX_LANGUAGE_STANDARD = "gnu++14";
				CLANG_CXX_LIBRARY = "libc++";
				CLANG_ENABLE_MODULES = YES;
				CLANG_ENABLE_OBJC_ARC = YES;
				CLANG_ENABLE_OBJC_WEAK = YES;
				CLANG_WARN_BLOCK_CAPTURE_AUTORELEASING = YES;
				CLANG_WARN_BOOL_CONVERSION = YES;
				CLANG_WARN_COMMA = YES;
				CLANG_WARN_CONSTANT_CONVERSION = YES;
				CLANG_WARN_DEPRECATED_OBJC_IMPLEMENTATIONS = YES;
				CLANG_WARN_DIRECT_OBJC_ISA_USAGE = YES_ERROR;
				CLANG_WARN_DOCUMENTATION_COMMENTS = YES;
				CLANG_WARN_EMPTY_BODY = YES;
				CLANG_WARN_ENUM_CONVERSION = YES;
				CLANG_WARN_INFINITE_RECURSION = YES;
				CLANG_WARN_INT_CONVERSION = YES;
				CLANG_WARN_NON_LITERAL_NULL_CONVERSION = YES;
				CLANG_WARN_OBJC_IMPLICIT_RETAIN_SELF = YES;
				CLANG_WARN_OBJC_LITERAL_CONVERSION = YES;
				CLANG_WARN_OBJC_ROOT_CLASS = YES_ERROR;
				CLANG_WARN_QUOTED_INCLUDE_IN_FRAMEWORK_HEADER = YES;
				CLANG_WARN_RANGE_LOOP_ANALYSIS = YES;
				CLANG_WARN_STRICT_PROTOTYPES = YES;
				CLANG_WARN_SUSPICIOUS_MOVE = YES;
				CLANG_WARN_UNGUARDED_AVAILABILITY = YES_AGGRESSIVE;
				CLANG_WARN_UNREACHABLE_CODE = YES;
				CLANG_WARN__DUPLICATE_METHOD_MATCH = YES;
				COPY_PHASE_STRIP = NO;
				DEBUG_INFORMATION_FORMAT = "dwarf-with-dsym";
				ENABLE_NS_ASSERTIONS = NO;
				ENABLE_STRICT_OBJC_MSGSEND = YES;
				GCC_C_LANGUAGE_STANDARD = gnu11;
				GCC_NO_COMMON_BLOCKS = YES;
				GCC_WARN_64_TO_32_BIT_CONVERSION = YES;
				GCC_WARN_ABOUT_RETURN_TYPE = YES_ERROR;
				GCC_WARN_UNDECLARED_SELECTOR = YES;
				GCC_WARN_UNINITIALIZED_AUTOS = YES_AGGRESSIVE;
				GCC_WARN_UNUSED_FUNCTION = YES;
				GCC_WARN_UNUSED_VARIABLE = YES;
				IPHONEOS_DEPLOYMENT_TARGET = 18.0;
				MTL_ENABLE_DEBUG_INFO = NO;
				MTL_FAST_MATH = YES;
				PRODUCT_NAME = "$(TARGET_NAME)";
				SDKROOT = iphoneos;
				SWIFT_COMPILATION_MODE = wholemodule;
				SWIFT_OPTIMIZATION_LEVEL = "-O";
				SWIFT_VERSION = 6.0;
			};
			name = Release;
		};
/* End XCBuildConfiguration section */

/* Begin XCConfigurationList section */
		31697BD676605881C8D9516D /* Build configuration list for PBXProject "Makoto_JiSho" */ = {
			isa = XCConfigurationList;
			buildConfigurations = (
				3A8DFB27FF0FACC86DCDF61B /* Debug */,
				FD07BE420670ECB29569EFCA /* Release */,
			);
			defaultConfigurationIsVisible = 0;
			defaultConfigurationName = Debug;
		};
		4A5540A6500124BA9E7573E4 /* Build configuration list for PBXNativeTarget "Makoto_JiSho" */ = {
			isa = XCConfigurationList;
			buildConfigurations = (
				89CD8B5C500C40073698C667 /* Debug */,
				B14CEEC77B15596C7D1122E8 /* Release */,
			);
			defaultConfigurationIsVisible = 0;
			defaultConfigurationName = Debug;
		};
/* End XCConfigurationList section */
	};
	rootObject = A1E877BAE29FAEACB8C4922D /* Project object */;
}
